// !$*UTF8*$!
{
	archiveVersion = 1;
	classes = {
	};
	objectVersion = 77;
	objects = {

/* Begin PBXBuildFile section */
		AD0000000000000000000021 /* GoogleMobileAds in Frameworks */ = {isa = PBXBuildFile; productRef = AD0000000000000000000011 /* GoogleMobileAds */; };
		AD0000000000000000000022 /* RevenueCat in Frameworks */ = {isa = PBXBuildFile; productRef = AD0000000000000000000012 /* RevenueCat */; };
		AD0000000000000000000023 /* RevenueCatAdMob in Frameworks */ = {isa = PBXBuildFile; productRef = AD0000000000000000000013 /* RevenueCatAdMob */; };
/* End PBXBuildFile section */

/* Begin PBXContainerItemProxy section */
		6CC12D7D2E82A9B900392473 /* PBXContainerItemProxy */ = {
			isa = PBXContainerItemProxy;
			containerPortal = 6CC12D632E82A9B700392473 /* Project object */;
			proxyType = 1;
			remoteGlobalIDString = 6CC12D6A2E82A9B700392473;
			remoteInfo = OOTDCam;
		};
		6CC12D872E82A9B900392473 /* PBXContainerItemProxy */ = {
			isa = PBXContainerItemProxy;
			containerPortal = 6CC12D632E82A9B700392473 /* Project object */;
			proxyType = 1;
			remoteGlobalIDString = 6CC12D6A2E82A9B700392473;
			remoteInfo = OOTDCam;
		};
/* End PBXContainerItemProxy section */

/* Begin PBXFileReference section */
		6CC12D6B2E82A9B700392473 /* OOTDCam.app */ = {isa = PBXFileReference; explicitFileType = wrapper.application; includeInIndex = 0; path = OOTDCam.app; sourceTree = BUILT_PRODUCTS_DIR; };
		6CC12D7C2E82A9B900392473 /* OOTDCamTests.xctest */ = {isa = PBXFileReference; explicitFileType = wrapper.cfbundle; includeInIndex = 0; path = OOTDCamTests.xctest; sourceTree = BUILT_PRODUCTS_DIR; };
		6CC12D862E82A9B900392473 /* OOTDCamUITests.xctest */ = {isa = PBXFileReference; explicitFileType = wrapper.cfbundle; includeInIndex = 0; path = OOTDCamUITests.xctest; sourceTree = BUILT_PRODUCTS_DIR; };
/* End PBXFileReference section */

/* Begin PBXFileSystemSynchronizedBuildFileExceptionSet section */
		AD0000000000000000000031 /* Exceptions for "OOTDCam" folder in "OOTDCam" target */ = {
			isa = PBXFileSystemSynchronizedBuildFileExceptionSet;
			membershipExceptions = (
				Info.plist,
			);
			target = 6CC12D6A2E82A9B700392473 /* OOTDCam */;
		};
/* End PBXFileSystemSynchronizedBuildFileExceptionSet section */

/* Begin PBXFileSystemSynchronizedRootGroup section */
		6CC12D6D2E82A9B700392473 /* OOTDCam */ = {
			isa = PBXFileSystemSynchronizedRootGroup;
			exceptions = (
				AD0000000000000000000031 /* Exceptions for "OOTDCam" folder in "OOTDCam" target */,
			);
			path = OOTDCam;
			sourceTree = "<group>";
		};
		6CC12D7F2E82A9B900392473 /* OOTDCamTests */ = {
			isa = PBXFileSystemSynchronizedRootGroup;
			path = OOTDCamTests;
			sourceTree = "<group>";
		};
		6CC12D892E82A9B900392473 /* OOTDCamUITests */ = {
			isa = PBXFileSystemSynchronizedRootGroup;
			path = OOTDCamUITests;
			sourceTree = "<group>";
		};
/* End PBXFileSystemSynchronizedRootGroup section */

/* Begin PBXFrameworksBuildPhase section */
		6CC12D682E82A9B700392473 /* Frameworks */ = {
			isa = PBXFrameworksBuildPhase;
			buildActionMask = 2147483647;
			files = (
				AD0000000000000000000021 /* GoogleMobileAds in Frameworks */,
				AD0000000000000000000022 /* RevenueCat in Frameworks */,
				AD0000000000000000000023 /* RevenueCatAdMob in Frameworks */,
			);
			runOnlyForDeploymentPostprocessing = 0;
		};
		6CC12D792E82A9B900392473 /* Frameworks */ = {
			isa = PBXFrameworksBuildPhase;
			buildActionMask = 2147483647;
			files = (
			);
			runOnlyForDeploymentPostprocessing = 0;
		};
		6CC12D832E82A9B900392473 /* Frameworks */ = {
			isa = PBXFrameworksBuildPhase;
			buildActionMask = 2147483647;
			files = (
			);
			runOnlyForDeploymentPostprocessing = 0;
		};
/* End PBXFrameworksBuildPhase section */

/* Begin PBXGroup section */
		6CC12D622E82A9B700392473 = {
			isa = PBXGroup;
			children = (
				6CC12D6D2E82A9B700392473 /* OOTDCam */,
				6CC12D7F2E82A9B900392473 /* OOTDCamTests */,
				6CC12D892E82A9B900392473 /* OOTDCamUITests */,
				6CC12D6C2E82A9B700392473 /* Products */,
			);
			sourceTree = "<group>";
		};
		6CC12D6C2E82A9B700392473 /* Products */ = {
			isa = PBXGroup;
			children = (
				6CC12D6B2E82A9B700392473 /* OOTDCam.app */,
				6CC12D7C2E82A9B900392473 /* OOTDCamTests.xctest */,
				6CC12D862E82A9B900392473 /* OOTDCamUITests.xctest */,
			);
			name = Products;
			sourceTree = "<group>";
		};
/* End PBXGroup section */

/* Begin PBXNativeTarget section */
		6CC12D6A2E82A9B700392473 /* OOTDCam */ = {
			isa = PBXNativeTarget;
			buildConfigurationList = 6CC12D902E82A9B900392473 /* Build configuration list for PBXNativeTarget "OOTDCam" */;
			buildPhases = (
				6CC12D672E82A9B700392473 /* Sources */,
				6CC12D682E82A9B700392473 /* Frameworks */,
				6CC12D692E82A9B700392473 /* Resources */,
			);
			buildRules = (
			);
			dependencies = (
			);
			fileSystemSynchronizedGroups = (
				6CC12D6D2E82A9B700392473 /* OOTDCam */,
			);
			name = OOTDCam;
			packageProductDependencies = (
				AD0000000000000000000011 /* GoogleMobileAds */,
				AD0000000000000000000012 /* RevenueCat */,
				AD0000000000000000000013 /* RevenueCatAdMob */,
			);
			productName = OOTDCam;
			productReference = 6CC12D6B2E82A9B700392473 /* OOTDCam.app */;
			productType = "com.apple.product-type.application";
		};
		6CC12D7B2E82A9B900392473 /* OOTDCamTests */ = {
			isa = PBXNativeTarget;
			buildConfigurationList = 6CC12D932E82A9B900392473 /* Build configuration list for PBXNativeTarget "OOTDCamTests" */;
			buildPhases = (
				6CC12D782E82A9B900392473 /* Sources */,
				6CC12D792E82A9B900392473 /* Frameworks */,
				6CC12D7A2E82A9B900392473 /* Resources */,
			);
			buildRules = (
			);
			dependencies = (
				6CC12D7E2E82A9B900392473 /* PBXTargetDependency */,
			);
			fileSystemSynchronizedGroups = (
				6CC12D7F2E82A9B900392473 /* OOTDCamTests */,
			);
			name = OOTDCamTests;
			packageProductDependencies = (
			);
			productName = OOTDCamTests;
			productReference = 6CC12D7C2E82A9B900392473 /* OOTDCamTests.xctest */;
			productType = "com.apple.product-type.bundle.unit-test";
		};
		6CC12D852E82A9B900392473 /* OOTDCamUITests */ = {
			isa = PBXNativeTarget;
			buildConfigurationList = 6CC12D962E82A9B900392473 /* Build configuration list for PBXNativeTarget "OOTDCamUITests" */;
			buildPhases = (
				6CC12D822E82A9B900392473 /* Sources */,
				6CC12D832E82A9B900392473 /* Frameworks */,
				6CC12D842E82A9B900392473 /* Resources */,
			);
			buildRules = (
			);
			dependencies = (
				6CC12D882E82A9B900392473 /* PBXTargetDependency */,
			);
			fileSystemSynchronizedGroups = (
				6CC12D892E82A9B900392473 /* OOTDCamUITests */,
			);
			name = OOTDCamUITests;
			packageProductDependencies = (
			);
			productName = OOTDCamUITests;
			productReference = 6CC12D862E82A9B900392473 /* OOTDCamUITests.xctest */;
			productType = "com.apple.product-type.bundle.ui-testing";
		};
/* End PBXNativeTarget section */

/* Begin PBXProject section */
		6CC12D632E82A9B700392473 /* Project object */ = {
			isa = PBXProject;
			attributes = {
				BuildIndependentTargetsInParallel = 1;
				LastSwiftUpdateCheck = 1600;
				LastUpgradeCheck = 1600;
				TargetAttributes = {
					6CC12D6A2E82A9B700392473 = {
						CreatedOnToolsVersion = 16.0;
					};
					6CC12D7B2E82A9B900392473 = {
						CreatedOnToolsVersion = 16.0;
						TestTargetID = 6CC12D6A2E82A9B700392473;
					};
					6CC12D852E82A9B900392473 = {
						CreatedOnToolsVersion = 16.0;
						TestTargetID = 6CC12D6A2E82A9B700392473;
					};
				};
			};
			buildConfigurationList = 6CC12D662E82A9B700392473 /* Build configuration list for PBXProject "OOTDCam" */;
			developmentRegion = en;
			hasScannedForEncodings = 0;
			knownRegions = (
				en,
				ja,
				Base,
			);
			mainGroup = 6CC12D622E82A9B700392473;
			minimizedProjectReferenceProxies = 1;
			packageReferences = (
				AD0000000000000000000001 /* XCRemoteSwiftPackageReference "swift-package-manager-google-mobile-ads" */,
				AD0000000000000000000002 /* XCRemoteSwiftPackageReference "purchases-ios-spm" */,
				AD0000000000000000000003 /* XCRemoteSwiftPackageReference "purchases-ios-admob" */,
			);
			preferredProjectObjectVersion = 77;
			productRefGroup = 6CC12D6C2E82A9B700392473 /* Products */;
			projectDirPath = "";
			projectRoot = "";
			targets = (
				6CC12D6A2E82A9B700392473 /* OOTDCam */,
				6CC12D7B2E82A9B900392473 /* OOTDCamTests */,
				6CC12D852E82A9B900392473 /* OOTDCamUITests */,
			);
		};
/* End PBXProject section */

/* Begin PBXResourcesBuildPhase section */
		6CC12D692E82A9B700392473 /* Resources */ = {
			isa = PBXResourcesBuildPhase;
			buildActionMask = 2147483647;
			files = (
			);
			runOnlyForDeploymentPostprocessing = 0;
		};
		6CC12D7A2E82A9B900392473 /* Resources */ = {
			isa = PBXResourcesBuildPhase;
			buildActionMask = 2147483647;
			files = (
			);
			runOnlyForDeploymentPostprocessing = 0;
		};
		6CC12D842E82A9B900392473 /* Resources */ = {
			isa = PBXResourcesBuildPhase;
			buildActionMask = 2147483647;
			files = (
			);
			runOnlyForDeploymentPostprocessing = 0;
		};
/* End PBXResourcesBuildPhase section */

/* Begin PBXSourcesBuildPhase section */
		6CC12D672E82A9B700392473 /* Sources */ = {
			isa = PBXSourcesBuildPhase;
			buildActionMask = 2147483647;
			files = (
			);
			runOnlyForDeploymentPostprocessing = 0;
		};
		6CC12D782E82A9B900392473 /* Sources */ = {
			isa = PBXSourcesBuildPhase;
			buildActionMask = 2147483647;
			files = (
			);
			runOnlyForDeploymentPostprocessing = 0;
		};
		6CC12D822E82A9B900392473 /* Sources */ = {
			isa = PBXSourcesBuildPhase;
			buildActionMask = 2147483647;
			files = (
			);
			runOnlyForDeploymentPostprocessing = 0;
		};
/* End PBXSourcesBuildPhase section */

/* Begin PBXTargetDependency section */
		6CC12D7E2E82A9B900392473 /* PBXTargetDependency */ = {
			isa = PBXTargetDependency;
			target = 6CC12D6A2E82A9B700392473 /* OOTDCam */;
			targetProxy = 6CC12D7D2E82A9B900392473 /* PBXContainerItemProxy */;
		};
		6CC12D882E82A9B900392473 /* PBXTargetDependency */ = {
			isa = PBXTargetDependency;
			target = 6CC12D6A2E82A9B700392473 /* OOTDCam */;
			targetProxy = 6CC12D872E82A9B900392473 /* PBXContainerItemProxy */;
		};
/* End PBXTargetDependency section */

/* Begin XCBuildConfiguration section */
		6CC12D8E2E82A9B900392473 /* Debug */ = {
			isa = XCBuildConfiguration;
			buildSettings = {
				ALWAYS_SEARCH_USER_PATHS = NO;
				ASSETCATALOG_COMPILER_GENERATE_SWIFT_ASSET_SYMBOL_EXTENSIONS = YES;
				CLANG_ANALYZER_NONNULL = YES;
				CLANG_ANALYZER_NUMBER_OBJECT_CONVERSION = YES_AGGRESSIVE;
				CLANG_CXX_LANGUAGE_STANDARD = "gnu++20";
				CLANG_ENABLE_MODULES = YES;
				CLANG_ENABLE_OBJC_ARC = YES;
				CLANG_ENABLE_OBJC_WEAK = YES;
				CLANG_WARN_BLOCK_CAPTURE_AUTORELEASING = YES;
				CLANG_WARN_BOOL_CONVERSION = YES;
				CLANG_WARN_COMMA = YES;
				CLANG_WARN_CONSTANT_CONVERSION = YES;
				CLANG_WARN_DEPRECATED_OBJC_IMPLEMENTATIONS = YES;
				CLANG_WARN_DIRECT_OBJC_ISA_USAGE = YES_ERROR;
				CLANG_WARN_DOCUMENTATION_COMMENTS = YES;
				CLANG_WARN_EMPTY_BODY = YES;
				CLANG_WARN_ENUM_CONVERSION = YES;
				CLANG_WARN_INFINITE_RECURSION = YES;
				CLANG_WARN_INT_CONVERSION = YES;
				CLANG_WARN_NON_LITERAL_NULL_CONVERSION = YES;
				CLANG_WARN_OBJC_IMPLICIT_RETAIN_SELF = YES;
				CLANG_WARN_OBJC_LITERAL_CONVERSION = YES;
				CLANG_WARN_OBJC_ROOT_CLASS = YES_ERROR;
				CLANG_WARN_QUOTED_INCLUDE_IN_FRAMEWORK_HEADER = YES;
				CLANG_WARN_RANGE_LOOP_ANALYSIS = YES;
				CLANG_WARN_STRICT_PROTOTYPES = YES;
				CLANG_WARN_SUSPICIOUS_MOVE = YES;
				CLANG_WARN_UNGUARDED_AVAILABILITY = YES_AGGRESSIVE;
				CLANG_WARN_UNREACHABLE_CODE = YES;
				CLANG_WARN__DUPLICATE_METHOD_MATCH = YES;
				COPY_PHASE_STRIP = NO;
				DEBUG_INFORMATION_FORMAT = dwarf;
				ENABLE_STRICT_OBJC_MSGSEND = YES;
				ENABLE_TESTABILITY = YES;
				ENABLE_USER_SCRIPT_SANDBOXING = YES;
				GCC_C_LANGUAGE_STANDARD = gnu17;
				GCC_DYNAMIC_NO_PIC = NO;
				GCC_NO_COMMON_BLOCKS = YES;
				GCC_OPTIMIZATION_LEVEL = 0;
				GCC_PREPROCESSOR_DEFINITIONS = (
					"DEBUG=1",
					"$(inherited)",
				);
				GCC_WARN_64_TO_32_BIT_CONVERSION = YES;
				GCC_WARN_ABOUT_RETURN_TYPE = YES_ERROR;
				GCC_WARN_UNDECLARED_SELECTOR = YES;
				GCC_WARN_UNINITIALIZED_AUTOS = YES_AGGRESSIVE;
				GCC_WARN_UNUSED_FUNCTION = YES;
				GCC_WARN_UNUSED_VARIABLE = YES;
				LOCALIZATION_PREFERS_STRING_CATALOGS = YES;
				MTL_ENABLE_DEBUG_INFO = INCLUDE_SOURCE;
				MTL_FAST_MATH = YES;
				ONLY_ACTIVE_ARCH = YES;
				SWIFT_ACTIVE_COMPILATION_CONDITIONS = "DEBUG $(inherited)";
				SWIFT_OPTIMIZATION_LEVEL = "-Onone";
			};
			name = Debug;
		};
		6CC12D8F2E82A9B900392473 /* Release */ = {
			isa = XCBuildConfiguration;
			buildSettings = {
				ALWAYS_SEARCH_USER_PATHS = NO;
				ASSETCATALOG_COMPILER_GENERATE_SWIFT_ASSET_SYMBOL_EXTENSIONS = YES;
				CLANG_ANALYZER_NONNULL = YES;
				CLANG_ANALYZER_NUMBER_OBJECT_CONVERSION = YES_AGGRESSIVE;
				CLANG_CXX_LANGUAGE_STANDARD = "gnu++20";
				CLANG_ENABLE_MODULES = YES;
				CLANG_ENABLE_OBJC_ARC = YES;
				CLANG_ENABLE_OBJC_WEAK = YES;
				CLANG_WARN_BLOCK_CAPTURE_AUTORELEASING = YES;
				CLANG_WARN_BOOL_CONVERSION = YES;
				CLANG_WARN_COMMA = YES;
				CLANG_WARN_CONSTANT_CONVERSION = YES;
				CLANG_WARN_DEPRECATED_OBJC_IMPLEMENTATIONS = YES;
				CLANG_WARN_DIRECT_OBJC_ISA_USAGE = YES_ERROR;
				CLANG_WARN_DOCUMENTATION_COMMENTS = YES;
				CLANG_WARN_EMPTY_BODY = YES;
				CLANG_WARN_ENUM_CONVERSION = YES;
				CLANG_WARN_INFINITE_RECURSION = YES;
				CLANG_WARN_INT_CONVERSION = YES;
				CLANG_WARN_NON_LITERAL_NULL_CONVERSION = YES;
				CLANG_WARN_OBJC_IMPLICIT_RETAIN_SELF = YES;
				CLANG_WARN_OBJC_LITERAL_CONVERSION = YES;
				CLANG_WARN_OBJC_ROOT_CLASS = YES_ERROR;
				CLANG_WARN_QUOTED_INCLUDE_IN_FRAMEWORK_HEADER = YES;
				CLANG_WARN_RANGE_LOOP_ANALYSIS = YES;
				CLANG_WARN_STRICT_PROTOTYPES = YES;
				CLANG_WARN_SUSPICIOUS_MOVE = YES;
				CLANG_WARN_UNGUARDED_AVAILABILITY = YES_AGGRESSIVE;
				CLANG_WARN_UNREACHABLE_CODE = YES;
				CLANG_WARN__DUPLICATE_METHOD_MATCH = YES;
				COPY_PHASE_STRIP = NO;
				DEBUG_INFORMATION_FORMAT = "dwarf-with-dsym";
				ENABLE_NS_ASSERTIONS = NO;
				ENABLE_STRICT_OBJC_MSGSEND = YES;
				ENABLE_USER_SCRIPT_SANDBOXING = YES;
				GCC_C_LANGUAGE_STANDARD = gnu17;
				GCC_NO_COMMON_BLOCKS = YES;
				GCC_WARN_64_TO_32_BIT_CONVERSION = YES;
				GCC_WARN_ABOUT_RETURN_TYPE = YES_ERROR;
				GCC_WARN_UNDECLARED_SELECTOR = YES;
				GCC_WARN_UNINITIALIZED_AUTOS = YES_AGGRESSIVE;
				GCC_WARN_UNUSED_FUNCTION = YES;
				GCC_WARN_UNUSED_VARIABLE = YES;
				LOCALIZATION_PREFERS_STRING_CATALOGS = YES;
				MTL_ENABLE_DEBUG_INFO = NO;
				MTL_FAST_MATH = YES;
				SWIFT_COMPILATION_MODE = wholemodule;
			};
			name = Release;
		};
		6CC12D912E82A9B900392473 /* Debug */ = {
			isa = XCBuildConfiguration;
			buildSettings = {
				ASSETCATALOG_COMPILER_APPICON_NAME = AppIcon;
				ASSETCATALOG_COMPILER_GLOBAL_ACCENT_COLOR_NAME = AccentColor;
				CODE_SIGN_ENTITLEMENTS = OOTDCam/OOTDCam.entitlements;
				CODE_SIGN_IDENTITY = "Apple Development";
				CODE_SIGN_STYLE = Automatic;
				CURRENT_PROJECT_VERSION = 2;
				DEVELOPMENT_ASSET_PATHS = "\"OOTDCam/Preview Content\"";
				DEVELOPMENT_TEAM = 9PF365R5K2;
				ENABLE_HARDENED_RUNTIME = YES;
				ENABLE_PREVIEWS = YES;
				GENERATE_INFOPLIST_FILE = YES;
				INFOPLIST_FILE = OOTDCam/Info.plist;
				INFOPLIST_KEY_CFBundleDisplayName = fig.cam;
				INFOPLIST_KEY_NSCameraUsageDescription = "fig.cam uses the camera to take full-body outfit photos. For example, you can frame your whole outfit with the on-screen guide, take a photo, and blur your face in a heart or other shape before saving.";
				INFOPLIST_KEY_NSPhotoLibraryAddUsageDescription = "fig.cam saves your edited outfit photos to your photo library. For example, after hiding your face with a shape, tap save to add the photo to your camera roll. The app only adds photos and never reads your existing ones.";
				INFOPLIST_KEY_NSUserTrackingUsageDescription = "fig.cam uses this identifier to show ads that are more relevant to you, such as the banner on the save screen. If you don't allow tracking, you can still use every feature of the app.";
				"INFOPLIST_KEY_UIApplicationSceneManifest_Generation[sdk=iphoneos*]" = YES;
				"INFOPLIST_KEY_UIApplicationSceneManifest_Generation[sdk=iphonesimulator*]" = YES;
				"INFOPLIST_KEY_UIApplicationSupportsIndirectInputEvents[sdk=iphoneos*]" = YES;
				"INFOPLIST_KEY_UIApplicationSupportsIndirectInputEvents[sdk=iphonesimulator*]" = YES;
				"INFOPLIST_KEY_UILaunchScreen_Generation[sdk=iphoneos*]" = YES;
				"INFOPLIST_KEY_UILaunchScreen_Generation[sdk=iphonesimulator*]" = YES;
				"INFOPLIST_KEY_UIStatusBarStyle[sdk=iphoneos*]" = UIStatusBarStyleDefault;
				"INFOPLIST_KEY_UIStatusBarStyle[sdk=iphonesimulator*]" = UIStatusBarStyleDefault;
				INFOPLIST_KEY_UISupportedInterfaceOrientations = UIInterfaceOrientationPortrait;
				INFOPLIST_KEY_UISupportedInterfaceOrientations_iPad = "UIInterfaceOrientationLandscapeLeft UIInterfaceOrientationLandscapeRight UIInterfaceOrientationPortrait UIInterfaceOrientationPortraitUpsideDown";
				IPHONEOS_DEPLOYMENT_TARGET = 18.0;
				LD_RUNPATH_SEARCH_PATHS = "@executable_path/Frameworks";
				"LD_RUNPATH_SEARCH_PATHS[sdk=macosx*]" = "@executable_path/../Frameworks";
				MACOSX_DEPLOYMENT_TARGET = 14.6;
				MARKETING_VERSION = 1.0.0;
				PRODUCT_BUNDLE_IDENTIFIER = app.myammm.figcam;
				PRODUCT_NAME = "$(TARGET_NAME)";
				PROVISIONING_PROFILE_SPECIFIER = "";
				SDKROOT = auto;
				SUPPORTED_PLATFORMS = "iphoneos iphonesimulator";
				SUPPORTS_MACCATALYST = NO;
				SWIFT_EMIT_LOC_STRINGS = YES;
				SWIFT_VERSION = 6.0;
				TARGETED_DEVICE_FAMILY = 1;
				XROS_DEPLOYMENT_TARGET = 2.0;
			};
			name = Debug;
		};
		6CC12D922E82A9B900392473 /* Release */ = {
			isa = XCBuildConfiguration;
			buildSettings = {
				ASSETCATALOG_COMPILER_APPICON_NAME = AppIcon;
				ASSETCATALOG_COMPILER_GLOBAL_ACCENT_COLOR_NAME = AccentColor;
				CODE_SIGN_ENTITLEMENTS = OOTDCam/OOTDCam.entitlements;
				CODE_SIGN_IDENTITY = "Apple Development";
				CODE_SIGN_STYLE = Automatic;
				CURRENT_PROJECT_VERSION = 2;
				DEVELOPMENT_ASSET_PATHS = "\"OOTDCam/Preview Content\"";
				DEVELOPMENT_TEAM = 9PF365R5K2;
				ENABLE_HARDENED_RUNTIME = YES;
				ENABLE_PREVIEWS = YES;
				GENERATE_INFOPLIST_FILE = YES;
				INFOPLIST_FILE = OOTDCam/Info.plist;
				INFOPLIST_KEY_CFBundleDisplayName = fig.cam;
				INFOPLIST_KEY_NSCameraUsageDescription = "fig.cam uses the camera to take full-body outfit photos. For example, you can frame your whole outfit with the on-screen guide, take a photo, and blur your face in a heart or other shape before saving.";
				INFOPLIST_KEY_NSPhotoLibraryAddUsageDescription = "fig.cam saves your edited outfit photos to your photo library. For example, after hiding your face with a shape, tap save to add the photo to your camera roll. The app only adds photos and never reads your existing ones.";
				INFOPLIST_KEY_NSUserTrackingUsageDescription = "fig.cam uses this identifier to show ads that are more relevant to you, such as the banner on the save screen. If you don't allow tracking, you can still use every feature of the app.";
				"INFOPLIST_KEY_UIApplicationSceneManifest_Generation[sdk=iphoneos*]" = YES;
				"INFOPLIST_KEY_UIApplicationSceneManifest_Generation[sdk=iphonesimulator*]" = YES;
				"INFOPLIST_KEY_UIApplicationSupportsIndirectInputEvents[sdk=iphoneos*]" = YES;
				"INFOPLIST_KEY_UIApplicationSupportsIndirectInputEvents[sdk=iphonesimulator*]" = YES;
				"INFOPLIST_KEY_UILaunchScreen_Generation[sdk=iphoneos*]" = YES;
				"INFOPLIST_KEY_UILaunchScreen_Generation[sdk=iphonesimulator*]" = YES;
				"INFOPLIST_KEY_UIStatusBarStyle[sdk=iphoneos*]" = UIStatusBarStyleDefault;
				"INFOPLIST_KEY_UIStatusBarStyle[sdk=iphonesimulator*]" = UIStatusBarStyleDefault;
				INFOPLIST_KEY_UISupportedInterfaceOrientations = UIInterfaceOrientationPortrait;
				INFOPLIST_KEY_UISupportedInterfaceOrientations_iPad = "UIInterfaceOrientationLandscapeLeft UIInterfaceOrientationLandscapeRight UIInterfaceOrientationPortrait UIInterfaceOrientationPortraitUpsideDown";
				IPHONEOS_DEPLOYMENT_TARGET = 18.0;
				LD_RUNPATH_SEARCH_PATHS = "@executable_path/Frameworks";
				"LD_RUNPATH_SEARCH_PATHS[sdk=macosx*]" = "@executable_path/../Frameworks";
				MACOSX_DEPLOYMENT_TARGET = 14.6;
				MARKETING_VERSION = 1.0.0;
				PRODUCT_BUNDLE_IDENTIFIER = app.myammm.figcam;
				PRODUCT_NAME = "$(TARGET_NAME)";
				PROVISIONING_PROFILE_SPECIFIER = "";
				SDKROOT = auto;
				SUPPORTED_PLATFORMS = "iphoneos iphonesimulator";
				SUPPORTS_MACCATALYST = NO;
				SWIFT_EMIT_LOC_STRINGS = YES;
				SWIFT_VERSION = 6.0;
				TARGETED_DEVICE_FAMILY = 1;
				XROS_DEPLOYMENT_TARGET = 2.0;
			};
			name = Release;
		};
		6CC12D942E82A9B900392473 /* Debug */ = {
			isa = XCBuildConfiguration;
			buildSettings = {
				BUNDLE_LOADER = "$(TEST_HOST)";
				CODE_SIGN_STYLE = Automatic;
				CURRENT_PROJECT_VERSION = 1;
				DEVELOPMENT_TEAM = 9PF365R5K2;
				GENERATE_INFOPLIST_FILE = YES;
				IPHONEOS_DEPLOYMENT_TARGET = 18.0;
				MACOSX_DEPLOYMENT_TARGET = 14.6;
				MARKETING_VERSION = 1.0;
				PRODUCT_BUNDLE_IDENTIFIER = app.myammm.figcamTests;
				PRODUCT_NAME = "$(TARGET_NAME)";
				SDKROOT = auto;
				SUPPORTED_PLATFORMS = "iphoneos iphonesimulator macosx xros xrsimulator";
				SWIFT_EMIT_LOC_STRINGS = NO;
				SWIFT_VERSION = 6.0;
				TARGETED_DEVICE_FAMILY = "1,2,7";
				TEST_HOST = "$(BUILT_PRODUCTS_DIR)/OOTDCam.app/$(BUNDLE_EXECUTABLE_FOLDER_PATH)/OOTDCam";
				XROS_DEPLOYMENT_TARGET = 2.0;
			};
			name = Debug;
		};
		6CC12D952E82A9B900392473 /* Release */ = {
			isa = XCBuildConfiguration;
			buildSettings = {
				BUNDLE_LOADER = "$(TEST_HOST)";
				CODE_SIGN_STYLE = Automatic;
				CURRENT_PROJECT_VERSION = 1;
				DEVELOPMENT_TEAM = 9PF365R5K2;
				GENERATE_INFOPLIST_FILE = YES;
				IPHONEOS_DEPLOYMENT_TARGET = 18.0;
				MACOSX_DEPLOYMENT_TARGET = 14.6;
				MARKETING_VERSION = 1.0;
				PRODUCT_BUNDLE_IDENTIFIER = app.myammm.figcamTests;
				PRODUCT_NAME = "$(TARGET_NAME)";
				SDKROOT = auto;
				SUPPORTED_PLATFORMS = "iphoneos iphonesimulator macosx xros xrsimulator";
				SWIFT_EMIT_LOC_STRINGS = NO;
				SWIFT_VERSION = 6.0;
				TARGETED_DEVICE_FAMILY = "1,2,7";
				TEST_HOST = "$(BUILT_PRODUCTS_DIR)/OOTDCam.app/$(BUNDLE_EXECUTABLE_FOLDER_PATH)/OOTDCam";
				XROS_DEPLOYMENT_TARGET = 2.0;
			};
			name = Release;
		};
		6CC12D972E82A9B900392473 /* Debug */ = {
			isa = XCBuildConfiguration;
			buildSettings = {
				CODE_SIGN_STYLE = Automatic;
				CURRENT_PROJECT_VERSION = 1;
				DEVELOPMENT_TEAM = 9PF365R5K2;
				GENERATE_INFOPLIST_FILE = YES;
				IPHONEOS_DEPLOYMENT_TARGET = 18.0;
				MACOSX_DEPLOYMENT_TARGET = 14.6;
				MARKETING_VERSION = 1.0;
				PRODUCT_BUNDLE_IDENTIFIER = app.myammm.figcamUITests;
				PRODUCT_NAME = "$(TARGET_NAME)";
				SDKROOT = auto;
				SUPPORTED_PLATFORMS = "iphoneos iphonesimulator macosx xros xrsimulator";
				SWIFT_EMIT_LOC_STRINGS = NO;
				SWIFT_VERSION = 6.0;
				TARGETED_DEVICE_FAMILY = "1,2,7";
				TEST_TARGET_NAME = OOTDCam;
				XROS_DEPLOYMENT_TARGET = 2.0;
			};
			name = Debug;
		};
		6CC12D982E82A9B900392473 /* Release */ = {
			isa = XCBuildConfiguration;
			buildSettings = {
				CODE_SIGN_STYLE = Automatic;
				CURRENT_PROJECT_VERSION = 1;
				DEVELOPMENT_TEAM = 9PF365R5K2;
				GENERATE_INFOPLIST_FILE = YES;
				IPHONEOS_DEPLOYMENT_TARGET = 18.0;
				MACOSX_DEPLOYMENT_TARGET = 14.6;
				MARKETING_VERSION = 1.0;
				PRODUCT_BUNDLE_IDENTIFIER = app.myammm.figcamUITests;
				PRODUCT_NAME = "$(TARGET_NAME)";
				SDKROOT = auto;
				SUPPORTED_PLATFORMS = "iphoneos iphonesimulator macosx xros xrsimulator";
				SWIFT_EMIT_LOC_STRINGS = NO;
				SWIFT_VERSION = 6.0;
				TARGETED_DEVICE_FAMILY = "1,2,7";
				TEST_TARGET_NAME = OOTDCam;
				XROS_DEPLOYMENT_TARGET = 2.0;
			};
			name = Release;
		};
/* End XCBuildConfiguration section */

/* Begin XCConfigurationList section */
		6CC12D662E82A9B700392473 /* Build configuration list for PBXProject "OOTDCam" */ = {
			isa = XCConfigurationList;
			buildConfigurations = (
				6CC12D8E2E82A9B900392473 /* Debug */,
				6CC12D8F2E82A9B900392473 /* Release */,
			);
			defaultConfigurationIsVisible = 0;
			defaultConfigurationName = Release;
		};
		6CC12D902E82A9B900392473 /* Build configuration list for PBXNativeTarget "OOTDCam" */ = {
			isa = XCConfigurationList;
			buildConfigurations = (
				6CC12D912E82A9B900392473 /* Debug */,
				6CC12D922E82A9B900392473 /* Release */,
			);
			defaultConfigurationIsVisible = 0;
			defaultConfigurationName = Release;
		};
		6CC12D932E82A9B900392473 /* Build configuration list for PBXNativeTarget "OOTDCamTests" */ = {
			isa = XCConfigurationList;
			buildConfigurations = (
				6CC12D942E82A9B900392473 /* Debug */,
				6CC12D952E82A9B900392473 /* Release */,
			);
			defaultConfigurationIsVisible = 0;
			defaultConfigurationName = Release;
		};
		6CC12D962E82A9B900392473 /* Build configuration list for PBXNativeTarget "OOTDCamUITests" */ = {
			isa = XCConfigurationList;
			buildConfigurations = (
				6CC12D972E82A9B900392473 /* Debug */,
				6CC12D982E82A9B900392473 /* Release */,
			);
			defaultConfigurationIsVisible = 0;
			defaultConfigurationName = Release;
		};
/* End XCConfigurationList section */

/* Begin XCRemoteSwiftPackageReference section */
		AD0000000000000000000001 /* XCRemoteSwiftPackageReference "swift-package-manager-google-mobile-ads" */ = {
			isa = XCRemoteSwiftPackageReference;
			repositoryURL = "https://github.com/googleads/swift-package-manager-google-mobile-ads.git";
			requirement = {
				kind = upToNextMajorVersion;
				minimumVersion = 13.10.0;
			};
		};
		AD0000000000000000000002 /* XCRemoteSwiftPackageReference "purchases-ios-spm" */ = {
			isa = XCRemoteSwiftPackageReference;
			repositoryURL = "https://github.com/RevenueCat/purchases-ios-spm.git";
			requirement = {
				kind = upToNextMajorVersion;
				minimumVersion = 5.90.2;
			};
		};
		AD0000000000000000000003 /* XCRemoteSwiftPackageReference "purchases-ios-admob" */ = {
			isa = XCRemoteSwiftPackageReference;
			repositoryURL = "https://github.com/RevenueCat/purchases-ios-admob.git";
			requirement = {
				kind = upToNextMajorVersion;
				minimumVersion = 5.90.2;
			};
		};
/* End XCRemoteSwiftPackageReference section */

/* Begin XCSwiftPackageProductDependency section */
		AD0000000000000000000011 /* GoogleMobileAds */ = {
			isa = XCSwiftPackageProductDependency;
			package = AD0000000000000000000001 /* XCRemoteSwiftPackageReference "swift-package-manager-google-mobile-ads" */;
			productName = GoogleMobileAds;
		};
		AD0000000000000000000012 /* RevenueCat */ = {
			isa = XCSwiftPackageProductDependency;
			package = AD0000000000000000000002 /* XCRemoteSwiftPackageReference "purchases-ios-spm" */;
			productName = RevenueCat;
		};
		AD0000000000000000000013 /* RevenueCatAdMob */ = {
			isa = XCSwiftPackageProductDependency;
			package = AD0000000000000000000003 /* XCRemoteSwiftPackageReference "purchases-ios-admob" */;
			productName = RevenueCatAdMob;
		};
/* End XCSwiftPackageProductDependency section */
	};
	rootObject = 6CC12D632E82A9B700392473 /* Project object */;
}
